<?xml version="1.0" encoding="utf-8"?>
<Project ToolsVersion="15.0" xmlns="http://schemas.microsoft.com/developer/msbuild/2003">
  <ItemGroup>
    <CustomBuild Include="X:\Github Projects\Urho3D-multiplayer-space-boids-game\Urho3D-Boids-VS17\CMakeFiles\38db623dff07fefea259c4edb9619ae6\INSTALL_force.rule">
      <Filter>CMake Rules</Filter>
    </CustomBuild>
  </ItemGroup>
  <ItemGroup>
    <Filter Include="CMake Rules">
      <UniqueIdentifier>{96494456-0167-37E3-B23D-98D8D1B0BEBF}</UniqueIdentifier>
    </Filter>
  </ItemGroup>
</Project>
