<?xml version="1.0" encoding="utf-8"?>
<Project ToolsVersion="15.0" xmlns="http://schemas.microsoft.com/developer/msbuild/2003">
  <ItemGroup>
    <CustomBuild Include="X:\Github Projects\Urho3D-Boids-Sim\Urho3D-Boids-VS17\CMakeFiles\959e133021167e2267bd815709af7dd9\INSTALL_force.rule">
      <Filter>CMake Rules</Filter>
    </CustomBuild>
  </ItemGroup>
  <ItemGroup>
    <Filter Include="CMake Rules">
      <UniqueIdentifier>{11E4801D-6C35-3954-B3DE-2BC341BDE2F3}</UniqueIdentifier>
    </Filter>
  </ItemGroup>
</Project>
