Microsoft Visual Studio Solution File, Format Version 12.00
# Visual Studio 15
Project("{8BC9CEB8-8B4A-11D0-8D11-00A0C91BC942}") = "ALL_BUILD", "ALL_BUILD.vcxproj", "{12EA2B56-873F-3F75-845A-053A0A1E8771}"
	ProjectSection(ProjectDependencies) = postProject
		{7921449D-6EC5-3109-BF7C-5CBB71C6BFD6} = {7921449D-6EC5-3109-BF7C-5CBB71C6BFD6}
		{3782669A-A257-3D8A-94F1-B5C28AD55A6D} = {3782669A-A257-3D8A-94F1-B5C28AD55A6D}
	EndProjectSection
EndProject
Project("{8BC9CEB8-8B4A-11D0-8D11-00A0C91BC942}") = "INSTALL", "INSTALL.vcxproj", "{877CB067-B9F1-34E9-9692-8298CA2909E2}"
	ProjectSection(ProjectDependencies) = postProject
		{12EA2B56-873F-3F75-845A-053A0A1E8771} = {12EA2B56-873F-3F75-845A-053A0A1E8771}
		{3782669A-A257-3D8A-94F1-B5C28AD55A6D} = {3782669A-A257-3D8A-94F1-B5C28AD55A6D}
	EndProjectSection
EndProject
Project("{8BC9CEB8-8B4A-11D0-8D11-00A0C91BC942}") = "UrhoBoids", "UrhoBoids.vcxproj", "{7921449D-6EC5-3109-BF7C-5CBB71C6BFD6}"
	ProjectSection(ProjectDependencies) = postProject
		{3782669A-A257-3D8A-94F1-B5C28AD55A6D} = {3782669A-A257-3D8A-94F1-B5C28AD55A6D}
	EndProjectSection
EndProject
Project("{8BC9CEB8-8B4A-11D0-8D11-00A0C91BC942}") = "ZERO_CHECK", "ZERO_CHECK.vcxproj", "{3782669A-A257-3D8A-94F1-B5C28AD55A6D}"
	ProjectSection(ProjectDependencies) = postProject
	EndProjectSection
EndProject
Global
	GlobalSection(SolutionConfigurationPlatforms) = preSolution
		Release|Win32 = Release|Win32
		RelWithDebInfo|Win32 = RelWithDebInfo|Win32
		Debug|Win32 = Debug|Win32
	EndGlobalSection
	GlobalSection(ProjectConfigurationPlatforms) = postSolution
		{12EA2B56-873F-3F75-845A-053A0A1E8771}.Release|Win32.ActiveCfg = Release|Win32
		{12EA2B56-873F-3F75-845A-053A0A1E8771}.Release|Win32.Build.0 = Release|Win32
		{12EA2B56-873F-3F75-845A-053A0A1E8771}.RelWithDebInfo|Win32.ActiveCfg = RelWithDebInfo|Win32
		{12EA2B56-873F-3F75-845A-053A0A1E8771}.RelWithDebInfo|Win32.Build.0 = RelWithDebInfo|Win32
		{12EA2B56-873F-3F75-845A-053A0A1E8771}.Debug|Win32.ActiveCfg = Debug|Win32
		{12EA2B56-873F-3F75-845A-053A0A1E8771}.Debug|Win32.Build.0 = Debug|Win32
		{877CB067-B9F1-34E9-9692-8298CA2909E2}.Release|Win32.ActiveCfg = Release|Win32
		{877CB067-B9F1-34E9-9692-8298CA2909E2}.RelWithDebInfo|Win32.ActiveCfg = RelWithDebInfo|Win32
		{877CB067-B9F1-34E9-9692-8298CA2909E2}.Debug|Win32.ActiveCfg = Debug|Win32
		{7921449D-6EC5-3109-BF7C-5CBB71C6BFD6}.Release|Win32.ActiveCfg = Release|Win32
		{7921449D-6EC5-3109-BF7C-5CBB71C6BFD6}.Release|Win32.Build.0 = Release|Win32
		{7921449D-6EC5-3109-BF7C-5CBB71C6BFD6}.RelWithDebInfo|Win32.ActiveCfg = RelWithDebInfo|Win32
		{7921449D-6EC5-3109-BF7C-5CBB71C6BFD6}.RelWithDebInfo|Win32.Build.0 = RelWithDebInfo|Win32
		{7921449D-6EC5-3109-BF7C-5CBB71C6BFD6}.Debug|Win32.ActiveCfg = Debug|Win32
		{7921449D-6EC5-3109-BF7C-5CBB71C6BFD6}.Debug|Win32.Build.0 = Debug|Win32
		{3782669A-A257-3D8A-94F1-B5C28AD55A6D}.Release|Win32.ActiveCfg = Release|Win32
		{3782669A-A257-3D8A-94F1-B5C28AD55A6D}.Release|Win32.Build.0 = Release|Win32
		{3782669A-A257-3D8A-94F1-B5C28AD55A6D}.RelWithDebInfo|Win32.ActiveCfg = RelWithDebInfo|Win32
		{3782669A-A257-3D8A-94F1-B5C28AD55A6D}.RelWithDebInfo|Win32.Build.0 = RelWithDebInfo|Win32
		{3782669A-A257-3D8A-94F1-B5C28AD55A6D}.Debug|Win32.ActiveCfg = Debug|Win32
		{3782669A-A257-3D8A-94F1-B5C28AD55A6D}.Debug|Win32.Build.0 = Debug|Win32
	EndGlobalSection
	GlobalSection(ExtensibilityGlobals) = postSolution
		SolutionGuid = {42D19744-1AAB-3955-878C-C3A3B3547468}
	EndGlobalSection
	GlobalSection(ExtensibilityAddIns) = postSolution
	EndGlobalSection
EndGlobal
