<?xml version="1.0" encoding="utf-8"?>
<Project ToolsVersion="15.0" xmlns="http://schemas.microsoft.com/developer/msbuild/2003">
  <ItemGroup>
    <ClCompile Include="X:\Github Projects\Urho3D-multiplayer-space-boids-game\Urho3D-Boids\Character.cpp">
      <Filter>Source Files</Filter>
    </ClCompile>
    <ClCompile Include="X:\Github Projects\Urho3D-multiplayer-space-boids-game\Urho3D-Boids\CharacterDemo.cpp">
      <Filter>Source Files</Filter>
    </ClCompile>
    <ClCompile Include="X:\Github Projects\Urho3D-multiplayer-space-boids-game\Urho3D-Boids\Missile.cpp">
      <Filter>Source Files</Filter>
    </ClCompile>
    <ClCompile Include="X:\Github Projects\Urho3D-multiplayer-space-boids-game\Urho3D-Boids\Player.cpp">
      <Filter>Source Files</Filter>
    </ClCompile>
    <ClCompile Include="X:\Github Projects\Urho3D-multiplayer-space-boids-game\Urho3D-Boids\Touch.cpp">
      <Filter>Source Files</Filter>
    </ClCompile>
    <ClCompile Include="X:\Github Projects\Urho3D-multiplayer-space-boids-game\Urho3D-Boids\boids.cpp">
      <Filter>Source Files</Filter>
    </ClCompile>
  </ItemGroup>
  <ItemGroup>
    <ClInclude Include="X:\Github Projects\Urho3D-multiplayer-space-boids-game\Urho3D-Boids\Character.h">
      <Filter>Header Files</Filter>
    </ClInclude>
    <ClInclude Include="X:\Github Projects\Urho3D-multiplayer-space-boids-game\Urho3D-Boids\CharacterDemo.h">
      <Filter>Header Files</Filter>
    </ClInclude>
    <ClInclude Include="X:\Github Projects\Urho3D-multiplayer-space-boids-game\Urho3D-Boids\Missile.h">
      <Filter>Header Files</Filter>
    </ClInclude>
    <ClInclude Include="X:\Github Projects\Urho3D-multiplayer-space-boids-game\Urho3D-Boids\Player.h">
      <Filter>Header Files</Filter>
    </ClInclude>
    <ClInclude Include="X:\Github Projects\Urho3D-multiplayer-space-boids-game\Urho3D-Boids\Sample.h">
      <Filter>Header Files</Filter>
    </ClInclude>
    <ClInclude Include="X:\Github Projects\Urho3D-multiplayer-space-boids-game\Urho3D-Boids\Touch.h">
      <Filter>Header Files</Filter>
    </ClInclude>
    <ClInclude Include="X:\Github Projects\Urho3D-multiplayer-space-boids-game\Urho3D-Boids\boids.h">
      <Filter>Header Files</Filter>
    </ClInclude>
  </ItemGroup>
  <ItemGroup>
    <CustomBuild Include="X:\Github Projects\Urho3D-multiplayer-space-boids-game\Urho3D-Boids\CMakeLists.txt" />
  </ItemGroup>
  <ItemGroup>
    <None Include="X:\Github Projects\Urho3D-multiplayer-space-boids-game\Urho3D-Boids\bin\CoreData">
      <Filter>Resource Dirs</Filter>
    </None>
    <None Include="X:\Github Projects\Urho3D-multiplayer-space-boids-game\Urho3D-Boids\bin\Data">
      <Filter>Resource Dirs</Filter>
    </None>
  </ItemGroup>
  <ItemGroup>
    <Filter Include="Header Files">
      <UniqueIdentifier>{6E43C443-CAA6-32A4-ACD8-841A093963DC}</UniqueIdentifier>
    </Filter>
    <Filter Include="Resource Dirs">
      <UniqueIdentifier>{441B7FA5-13E1-30A3-A48D-7492779D92A1}</UniqueIdentifier>
    </Filter>
    <Filter Include="Source Files">
      <UniqueIdentifier>{2383CD43-15DC-31B0-B311-79E4AD8ACF9D}</UniqueIdentifier>
    </Filter>
  </ItemGroup>
</Project>
